
Microsoft Visual Studio Solution File, Format Version 12.00
# Visual Studio Version 17
VisualStudioVersion = 17.11.35017.193
MinimumVisualStudioVersion = 10.0.40219.1
Project("{FAE04EC0-301F-11D3-BF4B-00C04F79EFBC}") = "DarkFront_Server", "DarkFront_Server\DarkFront_Server.csproj", "{F843C84A-CE47-4AC8-9342-ECAEECBB8B4B}"
EndProject
Global
	GlobalSection(SolutionConfigurationPlatforms) = preSolution
		Debug|Any CPU = Debug|Any CPU
		Release|Any CPU = Release|Any CPU
	EndGlobalSection
	GlobalSection(ProjectConfigurationPlatforms) = postSolution
		{F843C84A-CE47-4AC8-9342-ECAEECBB8B4B}.Debug|Any CPU.ActiveCfg = Debug|Any CPU
		{F843C84A-CE47-4AC8-9342-ECAEECBB8B4B}.Debug|Any CPU.Build.0 = Debug|Any CPU
		{F843C84A-CE47-4AC8-9342-ECAEECBB8B4B}.Release|Any CPU.ActiveCfg = Release|Any CPU
		{F843C84A-CE47-4AC8-9342-ECAEECBB8B4B}.Release|Any CPU.Build.0 = Release|Any CPU
	EndGlobalSection
	GlobalSection(SolutionProperties) = preSolution
		HideSolutionNode = FALSE
	EndGlobalSection
	GlobalSection(ExtensibilityGlobals) = postSolution
		SolutionGuid = {EA43EFFA-7493-409A-8655-A4D17C4092BA}
	EndGlobalSection
EndGlobal
